
Microsoft Visual Studio Solution File, Format Version 12.00
# Visual Studio 15
VisualStudioVersion = 15.0.27428.2037
MinimumVisualStudioVersion = 10.0.40219.1
Project("{FAE04EC0-301F-11D3-BF4B-00C04F79EFBC}") = "vote_with_your_wallet", "vote_with_your_wallet\vote_with_your_wallet.csproj", "{15469D1B-A949-4893-87CB-8EF0BA31D48B}"
EndProject
Global
	GlobalSection(SolutionConfigurationPlatforms) = preSolution
		Debug|Any CPU = Debug|Any CPU
		Release|Any CPU = Release|Any CPU
	EndGlobalSection
	GlobalSection(ProjectConfigurationPlatforms) = postSolution
		{15469D1B-A949-4893-87CB-8EF0BA31D48B}.Debug|Any CPU.ActiveCfg = Debug|Any CPU
		{15469D1B-A949-4893-87CB-8EF0BA31D48B}.Debug|Any CPU.Build.0 = Debug|Any CPU
		{15469D1B-A949-4893-87CB-8EF0BA31D48B}.Release|Any CPU.ActiveCfg = Release|Any CPU
		{15469D1B-A949-4893-87CB-8EF0BA31D48B}.Release|Any CPU.Build.0 = Release|Any CPU
	EndGlobalSection
	GlobalSection(SolutionProperties) = preSolution
		HideSolutionNode = FALSE
	EndGlobalSection
	GlobalSection(ExtensibilityGlobals) = postSolution
		SolutionGuid = {3D408A67-F1C6-4910-A1AF-543338D9EC7D}
	EndGlobalSection
EndGlobal
